
Microsoft Visual Studio Solution File, Format Version 12.00
# Visual Studio Version 16
VisualStudioVersion = 16.0.32413.511
MinimumVisualStudioVersion = 10.0.40219.1
Project("{8BC9CEB8-8B4A-11D0-8D11-00A0C91BC942}") = "test _5_27", "test _5_27\test _5_27.vcxproj", "{1360A1F5-E4F2-4D6D-9966-F3914A612637}"
EndProject
Global
	GlobalSection(SolutionConfigurationPlatforms) = preSolution
		Debug|x64 = Debug|x64
		Debug|x86 = Debug|x86
		Release|x64 = Release|x64
		Release|x86 = Release|x86
	EndGlobalSection
	GlobalSection(ProjectConfigurationPlatforms) = postSolution
		{1360A1F5-E4F2-4D6D-9966-F3914A612637}.Debug|x64.ActiveCfg = Debug|x64
		{1360A1F5-E4F2-4D6D-9966-F3914A612637}.Debug|x64.Build.0 = Debug|x64
		{1360A1F5-E4F2-4D6D-9966-F3914A612637}.Debug|x86.ActiveCfg = Debug|Win32
		{1360A1F5-E4F2-4D6D-9966-F3914A612637}.Debug|x86.Build.0 = Debug|Win32
		{1360A1F5-E4F2-4D6D-9966-F3914A612637}.Release|x64.ActiveCfg = Release|x64
		{1360A1F5-E4F2-4D6D-9966-F3914A612637}.Release|x64.Build.0 = Release|x64
		{1360A1F5-E4F2-4D6D-9966-F3914A612637}.Release|x86.ActiveCfg = Release|Win32
		{1360A1F5-E4F2-4D6D-9966-F3914A612637}.Release|x86.Build.0 = Release|Win32
	EndGlobalSection
	GlobalSection(SolutionProperties) = preSolution
		HideSolutionNode = FALSE
	EndGlobalSection
	GlobalSection(ExtensibilityGlobals) = postSolution
		SolutionGuid = {7D262131-A3A5-447D-973B-79F7176AD1FD}
	EndGlobalSection
EndGlobal
